
Microsoft Visual Studio Solution File, Format Version 12.00
# Visual Studio Version 17
VisualStudioVersion = 17.4.33213.308
MinimumVisualStudioVersion = 10.0.40219.1
Project("{FAE04EC0-301F-11D3-BF4B-00C04F79EFBC}") = "КрестикиНолики", "КрестикиНолики\КрестикиНолики.csproj", "{C886BFDF-F57A-4EFC-8C2C-FA1C02BF2AAA}"
EndProject
Global
	GlobalSection(SolutionConfigurationPlatforms) = preSolution
		Debug|Any CPU = Debug|Any CPU
		Release|Any CPU = Release|Any CPU
	EndGlobalSection
	GlobalSection(ProjectConfigurationPlatforms) = postSolution
		{C886BFDF-F57A-4EFC-8C2C-FA1C02BF2AAA}.Debug|Any CPU.ActiveCfg = Debug|Any CPU
		{C886BFDF-F57A-4EFC-8C2C-FA1C02BF2AAA}.Debug|Any CPU.Build.0 = Debug|Any CPU
		{C886BFDF-F57A-4EFC-8C2C-FA1C02BF2AAA}.Release|Any CPU.ActiveCfg = Release|Any CPU
		{C886BFDF-F57A-4EFC-8C2C-FA1C02BF2AAA}.Release|Any CPU.Build.0 = Release|Any CPU
	EndGlobalSection
	GlobalSection(SolutionProperties) = preSolution
		HideSolutionNode = FALSE
	EndGlobalSection
	GlobalSection(ExtensibilityGlobals) = postSolution
		SolutionGuid = {A7F7AF3C-6D76-4C58-9409-1B80B01FB5B7}
	EndGlobalSection
EndGlobal
